# THIS IS AN AUTOGENERATED FILE. DO NOT EDIT THIS FILE DIRECTLY.
# yarn lockfile v1


oj-component@^2.0.2:
  version "2.0.2"
  resolved "http://web01.oj.local:3000/oj-component/-/oj-component-2.0.2.tgz#9adea69413d355c7f403407177e4acfb7d8cce19"
  integrity sha512-Kn0PYBGIETHrQVDq7n6F0ZRal3AuEoFZW9Cc/57kJ4op0HyToJQ6Zxl7OlKdHoExueYbpPjLJHv7xzuTRC82SQ==
  dependencies:
    oj-eventaggregator "^2.0.8"
    oj-utils "^1.4.54"

oj-event@^2.0.1:
  version "2.0.1"
  resolved "http://web01.oj.local:3000/oj-event/-/oj-event-2.0.1.tgz#9d4e8c6b6ba42bdea18af40c18fd23c6c3b26f1e"
  integrity sha512-ELo4/WgYv1I9Iy6GW4QGw5JQhWw1qie1KRZcJ3eyUpcTJCz4YAdQrV7lHNHJ1oYMXcq0VsVh9AYS6HBu9NzrKQ==
  dependencies:
    oj-utils "^1.4.54"

oj-eventaggregator@^2.0.8:
  version "2.0.28"
  resolved "http://web01.oj.local:3000/oj-eventaggregator/-/oj-eventaggregator-2.0.28.tgz#c4eb179a2ee27887b07393d8a820453f0e27da85"
  integrity sha512-I6LBsBcdmNmzvCicjrYgGvsCSND2Zwljzj7nx7r54eGwQzPZneKqurd2UXEfVv+VpVLaQkGz8UnoVtNwwOclPg==

oj-utils@^1.4.54:
  version "1.4.54"
  resolved "http://web01.oj.local:3000/oj-utils/-/oj-utils-1.4.54.tgz#dd7bf2863fa54492b4a2c493af3f6308dc72ad54"
  integrity sha512-DVRB2bOT6POCfl48HSyWuyzvAlu+Ev8RT89w6B7jS46wkQA2y6/GNfLKbNJWGSWPC/a8xoAJ2/tWSsJO/WEwwA==
